
Microsoft Visual Studio Solution File, Format Version 12.00
# Visual Studio Version 16
VisualStudioVersion = 16.0.30517.126
MinimumVisualStudioVersion = 10.0.40219.1
Project("{FAE04EC0-301F-11D3-BF4B-00C04F79EFBC}") = "If and Switch Statements", "If and Switch Statements\If and Switch Statements.csproj", "{E8A9E817-A147-4ECE-BA56-9C16B7EEDB76}"
EndProject
Global
	GlobalSection(SolutionConfigurationPlatforms) = preSolution
		Debug|Any CPU = Debug|Any CPU
		Release|Any CPU = Release|Any CPU
	EndGlobalSection
	GlobalSection(ProjectConfigurationPlatforms) = postSolution
		{E8A9E817-A147-4ECE-BA56-9C16B7EEDB76}.Debug|Any CPU.ActiveCfg = Debug|Any CPU
		{E8A9E817-A147-4ECE-BA56-9C16B7EEDB76}.Debug|Any CPU.Build.0 = Debug|Any CPU
		{E8A9E817-A147-4ECE-BA56-9C16B7EEDB76}.Release|Any CPU.ActiveCfg = Release|Any CPU
		{E8A9E817-A147-4ECE-BA56-9C16B7EEDB76}.Release|Any CPU.Build.0 = Release|Any CPU
	EndGlobalSection
	GlobalSection(SolutionProperties) = preSolution
		HideSolutionNode = FALSE
	EndGlobalSection
	GlobalSection(ExtensibilityGlobals) = postSolution
		SolutionGuid = {F92D09E2-D472-4989-BC57-7BB6D8298C92}
	EndGlobalSection
EndGlobal
