
Microsoft Visual Studio Solution File, Format Version 12.00
# Visual Studio Version 16
VisualStudioVersion = 16.0.30517.126
MinimumVisualStudioVersion = 10.0.40219.1
Project("{FAE04EC0-301F-11D3-BF4B-00C04F79EFBC}") = "IntegerDataTypes", "IntegerDataTypes\IntegerDataTypes.csproj", "{9F951293-651B-4311-A703-D4A4F4F8A527}"
EndProject
Global
	GlobalSection(SolutionConfigurationPlatforms) = preSolution
		Debug|Any CPU = Debug|Any CPU
		Release|Any CPU = Release|Any CPU
	EndGlobalSection
	GlobalSection(ProjectConfigurationPlatforms) = postSolution
		{9F951293-651B-4311-A703-D4A4F4F8A527}.Debug|Any CPU.ActiveCfg = Debug|Any CPU
		{9F951293-651B-4311-A703-D4A4F4F8A527}.Debug|Any CPU.Build.0 = Debug|Any CPU
		{9F951293-651B-4311-A703-D4A4F4F8A527}.Release|Any CPU.ActiveCfg = Release|Any CPU
		{9F951293-651B-4311-A703-D4A4F4F8A527}.Release|Any CPU.Build.0 = Release|Any CPU
	EndGlobalSection
	GlobalSection(SolutionProperties) = preSolution
		HideSolutionNode = FALSE
	EndGlobalSection
	GlobalSection(ExtensibilityGlobals) = postSolution
		SolutionGuid = {F4EF0362-BE2B-4D72-8900-835B1CDA47C0}
	EndGlobalSection
EndGlobal
